
Microsoft Visual Studio Solution File, Format Version 12.00
# Visual Studio Version 16
VisualStudioVersion = 16.0.29911.84
MinimumVisualStudioVersion = 10.0.40219.1
Project("{FAE04EC0-301F-11D3-BF4B-00C04F79EFBC}") = "HappyPet4.0", "HappyPet4.0\HappyPet4.0.csproj", "{B7F89B26-213D-4CF3-922C-562303767546}"
EndProject
Project("{FAE04EC0-301F-11D3-BF4B-00C04F79EFBC}") = "BLL", "BLL\BLL.csproj", "{F77C3579-9FDA-4C06-B042-8C1B93C36145}"
EndProject
Project("{FAE04EC0-301F-11D3-BF4B-00C04F79EFBC}") = "DAL", "DAL\DAL.csproj", "{EEC364CC-2735-4829-95E4-B4212B95A2C8}"
EndProject
Global
	GlobalSection(SolutionConfigurationPlatforms) = preSolution
		Debug|Any CPU = Debug|Any CPU
		Release|Any CPU = Release|Any CPU
	EndGlobalSection
	GlobalSection(ProjectConfigurationPlatforms) = postSolution
		{B7F89B26-213D-4CF3-922C-562303767546}.Debug|Any CPU.ActiveCfg = Debug|Any CPU
		{B7F89B26-213D-4CF3-922C-562303767546}.Debug|Any CPU.Build.0 = Debug|Any CPU
		{B7F89B26-213D-4CF3-922C-562303767546}.Release|Any CPU.ActiveCfg = Release|Any CPU
		{B7F89B26-213D-4CF3-922C-562303767546}.Release|Any CPU.Build.0 = Release|Any CPU
		{F77C3579-9FDA-4C06-B042-8C1B93C36145}.Debug|Any CPU.ActiveCfg = Debug|Any CPU
		{F77C3579-9FDA-4C06-B042-8C1B93C36145}.Debug|Any CPU.Build.0 = Debug|Any CPU
		{F77C3579-9FDA-4C06-B042-8C1B93C36145}.Release|Any CPU.ActiveCfg = Release|Any CPU
		{F77C3579-9FDA-4C06-B042-8C1B93C36145}.Release|Any CPU.Build.0 = Release|Any CPU
		{EEC364CC-2735-4829-95E4-B4212B95A2C8}.Debug|Any CPU.ActiveCfg = Debug|Any CPU
		{EEC364CC-2735-4829-95E4-B4212B95A2C8}.Debug|Any CPU.Build.0 = Debug|Any CPU
		{EEC364CC-2735-4829-95E4-B4212B95A2C8}.Release|Any CPU.ActiveCfg = Release|Any CPU
		{EEC364CC-2735-4829-95E4-B4212B95A2C8}.Release|Any CPU.Build.0 = Release|Any CPU
	EndGlobalSection
	GlobalSection(SolutionProperties) = preSolution
		HideSolutionNode = FALSE
	EndGlobalSection
	GlobalSection(ExtensibilityGlobals) = postSolution
		SolutionGuid = {6BD6B9C6-1A64-40CD-B1BA-E7050781B2ED}
	EndGlobalSection
EndGlobal
